<Solution>
  <Folder Name="/src/">
    <Project Path="src/SyncSql.Catalog/SyncSql.Catalog.csproj" />
    <Project Path="src/SyncSql.Cli/SyncSql.Cli.csproj" />
    <Project Path="src/SyncSql.Core/SyncSql.Core.csproj" />
    <Project Path="src/SyncSql.Extraction.MsSql/SyncSql.Extraction.MsSql.csproj" />
    <Project Path="src/SyncSql.Extraction.Oracle/SyncSql.Extraction.Oracle.csproj" />
    <Project Path="src/SyncSql.Git/SyncSql.Git.csproj" />
    <Project Path="src/SyncSql.Lineage.MsSql/SyncSql.Lineage.MsSql.csproj" />
    <Project Path="src/SyncSql.Lineage.Oracle/SyncSql.Lineage.Oracle.csproj" />
  </Folder>
  <Folder Name="/tests/">
    <Project Path="tests/SyncSql.Catalog.Tests/SyncSql.Catalog.Tests.csproj" />
    <Project Path="tests/SyncSql.Core.Tests/SyncSql.Core.Tests.csproj" />
    <Project Path="tests/SyncSql.Extraction.MsSql.Tests/SyncSql.Extraction.MsSql.Tests.csproj" />
    <Project Path="tests/SyncSql.Extraction.Oracle.Tests/SyncSql.Extraction.Oracle.Tests.csproj" />
    <Project Path="tests/SyncSql.Git.Tests/SyncSql.Git.Tests.csproj" />
    <Project Path="tests/SyncSql.Lineage.MsSql.Tests/SyncSql.Lineage.MsSql.Tests.csproj" />
    <Project Path="tests/SyncSql.Lineage.Oracle.Tests/SyncSql.Lineage.Oracle.Tests.csproj" />
  </Folder>
</Solution>
